<?xml version="1.0" encoding="utf-8"?>
<Project ToolsVersion="4.0" xmlns="http://schemas.microsoft.com/developer/msbuild/2003">
  <ItemGroup>
    <ClInclude Include="..\include\obj2stl\Coord3.h" />
    <ClInclude Include="..\include\obj2stl\FaceVertex.h" />
    <ClInclude Include="..\include\obj2stl\ObjReader.h" />
    <ClInclude Include="..\include\obj2stl\StlWriter.h" />
    <ClInclude Include="..\include\obj2stl\ObjModel.h" />
    <ClInclude Include="..\include\obj2stl\StlModel.h" />
    <ClInclude Include="..\include\obj2stl\StlTriangle.h" />
    <ClInclude Include="..\include\obj2stl\Converter.h" />
  </ItemGroup>
  <ItemGroup>
    <ClCompile Include="..\src\ObjReader.cpp" />
    <ClCompile Include="..\src\StlWriter.cpp" />
    <ClCompile Include="..\src\ObjModel.cpp" />
    <ClCompile Include="..\src\StlModel.cpp" />
    <ClCompile Include="..\src\Converter.cpp" />
  </ItemGroup>
</Project>