<?xml version="1.0" encoding="utf-8"?>
<Project ToolsVersion="4.0" xmlns="http://schemas.microsoft.com/developer/msbuild/2003">
  <ItemGroup>
    <ClInclude Include="..\include\obj2stl\Model.h" />
    <ClInclude Include="..\include\obj2stl\Coord3.h" />
    <ClInclude Include="..\include\obj2stl\FaceVertex.h" />
    <ClInclude Include="..\include\obj2stl\ObjReader.h" />
  </ItemGroup>
  <ItemGroup>
    <ClCompile Include="..\src\Coord3.cpp" />
    <ClCompile Include="..\src\Model.cpp" />
    <ClCompile Include="..\src\ObjReader.cpp" />
  </ItemGroup>
</Project>